
Microsoft Visual Studio Solution File, Format Version 12.00
# Visual Studio Version 16
VisualStudioVersion = 16.0.30804.86
MinimumVisualStudioVersion = 10.0.40219.1
Project("{9A19103F-16F7-4668-BE54-9A1E7A4F7556}") = "DataAccess", "DataAccess\DataAccess.csproj", "{05087C5D-9D9F-4C1B-B3B4-6D00CEBD2C38}"
EndProject
Project("{9A19103F-16F7-4668-BE54-9A1E7A4F7556}") = "Business", "Business\Business.csproj", "{B14DE580-D4E9-4BD2-BB60-372573C5529D}"
EndProject
Project("{9A19103F-16F7-4668-BE54-9A1E7A4F7556}") = "Entity", "Entity\Entity.csproj", "{D1C51F9C-FA9F-4BB0-A517-3EB6AABFDDF5}"
EndProject
Project("{9A19103F-16F7-4668-BE54-9A1E7A4F7556}") = "ConsoleUI", "ConsoleUI\ConsoleUI.csproj", "{FA46B2D9-E066-49F0-9964-607182489BCE}"
EndProject
Project("{9A19103F-16F7-4668-BE54-9A1E7A4F7556}") = "Core", "Core\Core.csproj", "{CCA6F2C6-B078-48CE-9A07-3C893F4D5785}"
EndProject
Project("{FAE04EC0-301F-11D3-BF4B-00C04F79EFBC}") = "WebAPI", "WebAPI\WebAPI.csproj", "{A41EEC11-BCE8-4BAC-AD22-A73C8CB0D79D}"
EndProject
Global
	GlobalSection(SolutionConfigurationPlatforms) = preSolution
		Debug|Any CPU = Debug|Any CPU
		Release|Any CPU = Release|Any CPU
	EndGlobalSection
	GlobalSection(ProjectConfigurationPlatforms) = postSolution
		{05087C5D-9D9F-4C1B-B3B4-6D00CEBD2C38}.Debug|Any CPU.ActiveCfg = Debug|Any CPU
		{05087C5D-9D9F-4C1B-B3B4-6D00CEBD2C38}.Debug|Any CPU.Build.0 = Debug|Any CPU
		{05087C5D-9D9F-4C1B-B3B4-6D00CEBD2C38}.Release|Any CPU.ActiveCfg = Release|Any CPU
		{05087C5D-9D9F-4C1B-B3B4-6D00CEBD2C38}.Release|Any CPU.Build.0 = Release|Any CPU
		{B14DE580-D4E9-4BD2-BB60-372573C5529D}.Debug|Any CPU.ActiveCfg = Debug|Any CPU
		{B14DE580-D4E9-4BD2-BB60-372573C5529D}.Debug|Any CPU.Build.0 = Debug|Any CPU
		{B14DE580-D4E9-4BD2-BB60-372573C5529D}.Release|Any CPU.ActiveCfg = Release|Any CPU
		{B14DE580-D4E9-4BD2-BB60-372573C5529D}.Release|Any CPU.Build.0 = Release|Any CPU
		{D1C51F9C-FA9F-4BB0-A517-3EB6AABFDDF5}.Debug|Any CPU.ActiveCfg = Debug|Any CPU
		{D1C51F9C-FA9F-4BB0-A517-3EB6AABFDDF5}.Debug|Any CPU.Build.0 = Debug|Any CPU
		{D1C51F9C-FA9F-4BB0-A517-3EB6AABFDDF5}.Release|Any CPU.ActiveCfg = Release|Any CPU
		{D1C51F9C-FA9F-4BB0-A517-3EB6AABFDDF5}.Release|Any CPU.Build.0 = Release|Any CPU
		{FA46B2D9-E066-49F0-9964-607182489BCE}.Debug|Any CPU.ActiveCfg = Debug|Any CPU
		{FA46B2D9-E066-49F0-9964-607182489BCE}.Debug|Any CPU.Build.0 = Debug|Any CPU
		{FA46B2D9-E066-49F0-9964-607182489BCE}.Release|Any CPU.ActiveCfg = Release|Any CPU
		{FA46B2D9-E066-49F0-9964-607182489BCE}.Release|Any CPU.Build.0 = Release|Any CPU
		{CCA6F2C6-B078-48CE-9A07-3C893F4D5785}.Debug|Any CPU.ActiveCfg = Debug|Any CPU
		{CCA6F2C6-B078-48CE-9A07-3C893F4D5785}.Debug|Any CPU.Build.0 = Debug|Any CPU
		{CCA6F2C6-B078-48CE-9A07-3C893F4D5785}.Release|Any CPU.ActiveCfg = Release|Any CPU
		{CCA6F2C6-B078-48CE-9A07-3C893F4D5785}.Release|Any CPU.Build.0 = Release|Any CPU
		{A41EEC11-BCE8-4BAC-AD22-A73C8CB0D79D}.Debug|Any CPU.ActiveCfg = Debug|Any CPU
		{A41EEC11-BCE8-4BAC-AD22-A73C8CB0D79D}.Debug|Any CPU.Build.0 = Debug|Any CPU
		{A41EEC11-BCE8-4BAC-AD22-A73C8CB0D79D}.Release|Any CPU.ActiveCfg = Release|Any CPU
		{A41EEC11-BCE8-4BAC-AD22-A73C8CB0D79D}.Release|Any CPU.Build.0 = Release|Any CPU
	EndGlobalSection
	GlobalSection(SolutionProperties) = preSolution
		HideSolutionNode = FALSE
	EndGlobalSection
	GlobalSection(ExtensibilityGlobals) = postSolution
		SolutionGuid = {D088A478-E59C-4E93-9900-C6812DB823BD}
	EndGlobalSection
EndGlobal
